{
  "name": "@blink-mind/plugin-simple-text-editor",
  "version": "0.0.20-beta.6",
  "lockfileVersion": 1,
  "requires": true,
  "dependencies": {
    "@blink-mind/core": {
      "version": "0.0.20-beta.12",
      "resolved": "https://registry.npmjs.org/@blink-mind/core/-/core-0.0.20-beta.12.tgz",
      "integrity": "sha512-fkZWZxXJhuf/THG77mTyREQgun0seVMh+5dEyStU64801unik5uFCOKTQB/fFhVoR48lhSZiCAOnHHZ/h61jDA==",
      "requires": {
        "immutable": "^4.0.0-rc.12",
        "is-plain-object": "^3.0.0",
        "memoize-one": "^5.1.1"
      }
    },
    "debug": {
      "version": "3.2.6",
      "resolved": "https://registry.npmjs.org/debug/-/debug-3.2.6.tgz",
      "integrity": "sha512-mel+jf7nrtEl5Pn1Qx46zARXKDpBbvzezse7p7LqINmdoIk8PYP5SySaxEmYv6TZ0JyEKA1hsCId6DIhgITtWQ==",
      "requires": {
        "ms": "^2.1.1"
      }
    },
    "get-document": {
      "version": "1.0.0",
      "resolved": "https://registry.npmjs.org/get-document/-/get-document-1.0.0.tgz",
      "integrity": "sha1-SCG85m8cJMsDMWAr5strEsTwHEs="
    },
    "get-window": {
      "version": "1.1.2",
      "resolved": "https://registry.npmjs.org/get-window/-/get-window-1.1.2.tgz",
      "integrity": "sha512-yjWpFcy9fjhLQHW1dPtg9ga4pmizLY8y4ZSHdGrAQ1NU277MRhnGnnLPxe19X8W5lWVsCZz++5xEuNozWMVmTw==",
      "requires": {
        "get-document": "1"
      }
    },
    "immutable": {
      "version": "4.0.0-rc.12",
      "resolved": "https://registry.npmjs.org/immutable/-/immutable-4.0.0-rc.12.tgz",
      "integrity": "sha512-0M2XxkZLx/mi3t8NVwIm1g8nHoEmM9p9UBl/G9k4+hm0kBgOVdMV/B3CY5dQ8qG8qc80NN4gDV4HQv6FTJ5q7A=="
    },
    "invariant": {
      "version": "2.2.4",
      "resolved": "https://registry.npmjs.org/invariant/-/invariant-2.2.4.tgz",
      "integrity": "sha512-phJfQVBuaJM5raOpJjSfkiD6BpbCE4Ns//LaXl6wGYtUBY83nWS6Rf9tXm2e8VaK60JEjYldbPif/A2B1C2gNA==",
      "requires": {
        "loose-envify": "^1.0.0"
      }
    },
    "is-hotkey": {
      "version": "0.1.4",
      "resolved": "https://registry.npmjs.org/is-hotkey/-/is-hotkey-0.1.4.tgz",
      "integrity": "sha512-Py+aW4r5mBBY18TGzGz286/gKS+fCQ0Hee3qkaiSmEPiD0PqFpe0wuA3l7rTOUKyeXl8Mxf3XzJxIoTlSv+kxA=="
    },
    "is-in-browser": {
      "version": "1.1.3",
      "resolved": "https://registry.npmjs.org/is-in-browser/-/is-in-browser-1.1.3.tgz",
      "integrity": "sha1-Vv9NtoOgeMYILrldrX3GLh0E+DU="
    },
    "is-plain-object": {
      "version": "3.0.1",
      "resolved": "https://registry.npmjs.org/is-plain-object/-/is-plain-object-3.0.1.tgz",
      "integrity": "sha512-Xnpx182SBMrr/aBik8y+GuR4U1L9FqMSojwDQwPMmxyC6bvEqly9UBCxhauBF5vNh2gwWJNX6oDV7O+OM4z34g=="
    },
    "is-window": {
      "version": "1.0.2",
      "resolved": "https://registry.npmjs.org/is-window/-/is-window-1.0.2.tgz",
      "integrity": "sha1-LIlspT25feRdPDMTOmXYyfVjSA0="
    },
    "isomorphic-base64": {
      "version": "1.0.2",
      "resolved": "https://registry.npmjs.org/isomorphic-base64/-/isomorphic-base64-1.0.2.tgz",
      "integrity": "sha1-9Caq6CVpuopOxcpzrSGkSrHueAM="
    },
    "js-tokens": {
      "version": "4.0.0",
      "resolved": "https://registry.npmjs.org/js-tokens/-/js-tokens-4.0.0.tgz",
      "integrity": "sha512-RdJUflcE3cUzKiMqQgsCu06FPu9UdIJO0beYbPhHN4k6apgJtifcoCtT9bcxOpYBtpD2kCM6Sbzg4CausW/PKQ=="
    },
    "lodash": {
      "version": "4.17.19",
      "resolved": "https://registry.npmjs.org/lodash/-/lodash-4.17.19.tgz",
      "integrity": "sha512-JNvd8XER9GQX0v2qJgsaN/mzFCNA5BRe/j8JN9d+tWyGLSodKQHKFicdwNYzWwI3wjRnaKPsGj1XkBjx/F96DQ=="
    },
    "loose-envify": {
      "version": "1.4.0",
      "resolved": "https://registry.npmjs.org/loose-envify/-/loose-envify-1.4.0.tgz",
      "integrity": "sha512-lyuxPGr/Wfhrlem2CL/UcnUc1zcqKAImBDzukY7Y5F/yQiNdko6+fRLevlw1HgMySw7f611UIY408EtxRSoK3Q==",
      "requires": {
        "js-tokens": "^3.0.0 || ^4.0.0"
      }
    },
    "memoize-one": {
      "version": "5.1.1",
      "resolved": "https://registry.npmjs.org/memoize-one/-/memoize-one-5.1.1.tgz",
      "integrity": "sha512-HKeeBpWvqiVJD57ZUAsJNm71eHTykffzcLZVYWiVfQeI1rJtuEaS7hQiEpWfVVk18donPwJEcFKIkCmPJNOhHA=="
    },
    "ms": {
      "version": "2.1.2",
      "resolved": "https://registry.npmjs.org/ms/-/ms-2.1.2.tgz",
      "integrity": "sha512-sGkPx+VjMtmA6MX27oA4FBFELFCZZ4S4XqeGOXCv68tT+jb3vk/RyaKWP0PTKyWtmLSM0b+adUTEvbs1PEaH2w=="
    },
    "object-assign": {
      "version": "4.1.1",
      "resolved": "https://registry.npmjs.org/object-assign/-/object-assign-4.1.1.tgz",
      "integrity": "sha1-IQmtx5ZYh8/AXLvUQsrIv7s2CGM="
    },
    "prop-types": {
      "version": "15.7.2",
      "resolved": "https://registry.npmjs.org/prop-types/-/prop-types-15.7.2.tgz",
      "integrity": "sha512-8QQikdH7//R2vurIJSutZ1smHYTcLpRWEOlHnzcWHmBYrOGUysKwSsrC89BCiFj3CbrfJ/nXFdJepOVrY1GCHQ==",
      "requires": {
        "loose-envify": "^1.4.0",
        "object-assign": "^4.1.1",
        "react-is": "^16.8.1"
      }
    },
    "react-immutable-proptypes": {
      "version": "2.2.0",
      "resolved": "https://registry.npmjs.org/react-immutable-proptypes/-/react-immutable-proptypes-2.2.0.tgz",
      "integrity": "sha512-Vf4gBsePlwdGvSZoLSBfd4HAP93HDauMY4fDjXhreg/vg6F3Fj/MXDNyTbltPC/xZKmZc+cjLu3598DdYK6sgQ==",
      "requires": {
        "invariant": "^2.2.2"
      }
    },
    "react-is": {
      "version": "16.13.1",
      "resolved": "https://registry.npmjs.org/react-is/-/react-is-16.13.1.tgz",
      "integrity": "sha512-24e6ynE2H+OKt4kqsOvNd8kBpV65zoxbA4BVsEOB3ARVWQki/DHzaUoC5KuON/BiccDaCCTZBuOcfZs70kR8bQ=="
    },
    "selection-is-backward": {
      "version": "1.0.0",
      "resolved": "https://registry.npmjs.org/selection-is-backward/-/selection-is-backward-1.0.0.tgz",
      "integrity": "sha1-l6VGMxiKURq6ZBn8XB+pG0Z+a+E="
    },
    "slate-base64-serializer": {
      "version": "0.2.115",
      "resolved": "https://registry.npmjs.org/slate-base64-serializer/-/slate-base64-serializer-0.2.115.tgz",
      "integrity": "sha512-GnLV7bUW/UQ5j7rVIxCU5zdB6NOVsEU6YWsCp68dndIjSGTGLaQv2+WwV3NcnrGGZEYe5qgo33j2QWrPws2C1A==",
      "requires": {
        "isomorphic-base64": "^1.0.2"
      }
    },
    "slate-dev-environment": {
      "version": "0.2.5",
      "resolved": "https://registry.npmjs.org/slate-dev-environment/-/slate-dev-environment-0.2.5.tgz",
      "integrity": "sha512-oLD8Fclv/RqrDv6RYfN2CRzNcRXsUB99Qgcw5L/njTjxAdDPguV6edQ3DgUG9Q2pLFLhI15DwsKClzVfFzfwGQ==",
      "requires": {
        "is-in-browser": "^1.1.3"
      }
    },
    "slate-hotkeys": {
      "version": "0.2.11",
      "resolved": "https://registry.npmjs.org/slate-hotkeys/-/slate-hotkeys-0.2.11.tgz",
      "integrity": "sha512-xhq/TlI74dRbO57O4ulGsvCcV4eaQ5nEEz9noZjeNLtNzFRd6lSgExRqAJqKGGIeJw+FnJ3OcqGvdb5CEc9/Ew==",
      "requires": {
        "is-hotkey": "0.1.4",
        "slate-dev-environment": "^0.2.2"
      }
    },
    "slate-plain-serializer": {
      "version": "0.7.13",
      "resolved": "https://registry.npmjs.org/slate-plain-serializer/-/slate-plain-serializer-0.7.13.tgz",
      "integrity": "sha512-TtrlaslxQBEMV0LYdf3s7VAbTxRPe1xaW10WNNGAzGA855/0RhkaHjKkQiRjHv5rvbRleVf7Nxr9fH+4uErfxQ=="
    },
    "slate-prop-types": {
      "version": "0.5.44",
      "resolved": "https://registry.npmjs.org/slate-prop-types/-/slate-prop-types-0.5.44.tgz",
      "integrity": "sha512-JS0iW7uaciE/W3ADuzeN1HOnSjncQhHPXJ65nZNQzB0DF7mXVmbwQKI6cmCo/xKni7XRJT0JbWSpXFhEdPiBUA=="
    },
    "slate-react": {
      "version": "0.21.24",
      "resolved": "https://registry.npmjs.org/slate-react/-/slate-react-0.21.24.tgz",
      "integrity": "sha512-fY1xUPCpsbTPGtiU0hc85JEzR5cf66Bqh5DLlDIfld/DljCKJoIVYR+EkFW5NuvvZPHhRjz4Ywz6IA/Krcjtug==",
      "requires": {
        "debug": "^3.1.0",
        "get-window": "^1.1.1",
        "is-window": "^1.0.2",
        "lodash": "^4.1.1",
        "memoize-one": "^4.0.0",
        "prop-types": "^15.5.8",
        "react-immutable-proptypes": "^2.1.0",
        "selection-is-backward": "^1.0.0",
        "slate-base64-serializer": "^0.2.102",
        "slate-dev-environment": "^0.2.2",
        "slate-hotkeys": "^0.2.9",
        "slate-plain-serializer": "^0.7.1",
        "slate-prop-types": "^0.5.32",
        "slate-react-placeholder": "^0.1.20",
        "tiny-invariant": "^1.0.1",
        "tiny-warning": "^0.0.3"
      },
      "dependencies": {
        "memoize-one": {
          "version": "4.0.3",
          "resolved": "https://registry.npmjs.org/memoize-one/-/memoize-one-4.0.3.tgz",
          "integrity": "sha512-QmpUu4KqDmX0plH4u+tf0riMc1KHE1+lw95cMrLlXQAFOx/xnBtwhZ52XJxd9X2O6kwKBqX32kmhbhlobD0cuw=="
        }
      }
    },
    "slate-react-placeholder": {
      "version": "0.1.20",
      "resolved": "https://registry.npmjs.org/slate-react-placeholder/-/slate-react-placeholder-0.1.20.tgz",
      "integrity": "sha512-A4xq1kS3V3YetFbLE/1dv+/SDVjx9zsZZepJqjcmkGK+evHU2yNkWjZXCg8MLMRtZJpGtYT/BE3+kHbkgT5Q4A=="
    },
    "tiny-invariant": {
      "version": "1.1.0",
      "resolved": "https://registry.npmjs.org/tiny-invariant/-/tiny-invariant-1.1.0.tgz",
      "integrity": "sha512-ytxQvrb1cPc9WBEI/HSeYYoGD0kWnGEOR8RY6KomWLBVhqz0RgTwVO9dLrGz7dC+nN9llyI7OKAgRq8Vq4ZBSw=="
    },
    "tiny-warning": {
      "version": "0.0.3",
      "resolved": "https://registry.npmjs.org/tiny-warning/-/tiny-warning-0.0.3.tgz",
      "integrity": "sha512-r0SSA5Y5IWERF9Xh++tFPx0jITBgGggOsRLDWWew6YRw/C2dr4uNO1fw1vanrBmHsICmPyMLNBZboTlxUmUuaA=="
    }
  }
}
